# This file is autogenerated, do not edit; changes may be undone by the next 'dep ensure'.


[[projects]]
  name = "github.com/BurntSushi/toml"
  packages = ["."]
  revision = "b26d9c308763d68093482582cea63d69be07a0f0"
  version = "v0.3.0"

[[projects]]
  name = "github.com/michaelklishin/rabbit-hole"
  packages = ["."]
  revision = "751d8f6874248f7243698c6f8377983879d744e9"
  version = "v1.4.0"

[[projects]]
  branch = "master"
  name = "github.com/streadway/amqp"
  packages = ["."]
  revision = "fc7fda2371f5327ad39211e09482845b8734cc72"

[solve-meta]
  analyzer-name = "dep"
  analyzer-version = 1
  inputs-digest = "79508733a408501e8257811f30bd78b27a6ae632715d767f708c9573a543fbaf"
  solver-name = "gps-cdcl"
  solver-version = 1
